
Microsoft Visual Studio Solution File, Format Version 12.00
# Visual Studio Version 17
VisualStudioVersion = 17.6.33829.357
MinimumVisualStudioVersion = 10.0.40219.1
Project("{FAE04EC0-301F-11D3-BF4B-00C04F79EFBC}") = "LibraryApplication", "LibraryApplication\LibraryApplication.csproj", "{9A4F260A-E7E1-4378-8F33-0D4A9F499359}"
EndProject
Global
	GlobalSection(SolutionConfigurationPlatforms) = preSolution
		Debug|Any CPU = Debug|Any CPU
		Release|Any CPU = Release|Any CPU
	EndGlobalSection
	GlobalSection(ProjectConfigurationPlatforms) = postSolution
		{9A4F260A-E7E1-4378-8F33-0D4A9F499359}.Debug|Any CPU.ActiveCfg = Debug|Any CPU
		{9A4F260A-E7E1-4378-8F33-0D4A9F499359}.Debug|Any CPU.Build.0 = Debug|Any CPU
		{9A4F260A-E7E1-4378-8F33-0D4A9F499359}.Release|Any CPU.ActiveCfg = Release|Any CPU
		{9A4F260A-E7E1-4378-8F33-0D4A9F499359}.Release|Any CPU.Build.0 = Release|Any CPU
	EndGlobalSection
	GlobalSection(SolutionProperties) = preSolution
		HideSolutionNode = FALSE
	EndGlobalSection
	GlobalSection(ExtensibilityGlobals) = postSolution
		SolutionGuid = {B8735D0F-1CEA-4CD6-843B-DF4DE88F8EED}
	EndGlobalSection
EndGlobal
