
Microsoft Visual Studio Solution File, Format Version 12.00
# Visual Studio Version 17
VisualStudioVersion = 17.6.33829.357
MinimumVisualStudioVersion = 10.0.40219.1
Project("{FAE04EC0-301F-11D3-BF4B-00C04F79EFBC}") = "AUD_MVC", "AUD_MVC\AUD_MVC.csproj", "{A1446EAF-380C-4A4D-8F95-0781B7F55433}"
EndProject
Global
	GlobalSection(SolutionConfigurationPlatforms) = preSolution
		Debug|Any CPU = Debug|Any CPU
		Release|Any CPU = Release|Any CPU
	EndGlobalSection
	GlobalSection(ProjectConfigurationPlatforms) = postSolution
		{A1446EAF-380C-4A4D-8F95-0781B7F55433}.Debug|Any CPU.ActiveCfg = Debug|Any CPU
		{A1446EAF-380C-4A4D-8F95-0781B7F55433}.Debug|Any CPU.Build.0 = Debug|Any CPU
		{A1446EAF-380C-4A4D-8F95-0781B7F55433}.Release|Any CPU.ActiveCfg = Release|Any CPU
		{A1446EAF-380C-4A4D-8F95-0781B7F55433}.Release|Any CPU.Build.0 = Release|Any CPU
	EndGlobalSection
	GlobalSection(SolutionProperties) = preSolution
		HideSolutionNode = FALSE
	EndGlobalSection
	GlobalSection(ExtensibilityGlobals) = postSolution
		SolutionGuid = {4B8B742F-5BF3-49E2-8E97-F935B1379298}
	EndGlobalSection
EndGlobal
