
Microsoft Visual Studio Solution File, Format Version 12.00
# Visual Studio Version 17
VisualStudioVersion = 17.6.33829.357
MinimumVisualStudioVersion = 10.0.40219.1
Project("{FAE04EC0-301F-11D3-BF4B-00C04F79EFBC}") = "MVCStoreScaffoling", "MVCStoreScaffoling\MVCStoreScaffoling.csproj", "{84EBEBAB-CD54-429D-99DA-2BED76F4117F}"
EndProject
Global
	GlobalSection(SolutionConfigurationPlatforms) = preSolution
		Debug|Any CPU = Debug|Any CPU
		Release|Any CPU = Release|Any CPU
	EndGlobalSection
	GlobalSection(ProjectConfigurationPlatforms) = postSolution
		{84EBEBAB-CD54-429D-99DA-2BED76F4117F}.Debug|Any CPU.ActiveCfg = Debug|Any CPU
		{84EBEBAB-CD54-429D-99DA-2BED76F4117F}.Debug|Any CPU.Build.0 = Debug|Any CPU
		{84EBEBAB-CD54-429D-99DA-2BED76F4117F}.Release|Any CPU.ActiveCfg = Release|Any CPU
		{84EBEBAB-CD54-429D-99DA-2BED76F4117F}.Release|Any CPU.Build.0 = Release|Any CPU
	EndGlobalSection
	GlobalSection(SolutionProperties) = preSolution
		HideSolutionNode = FALSE
	EndGlobalSection
	GlobalSection(ExtensibilityGlobals) = postSolution
		SolutionGuid = {2ED9D6F2-BB16-44E1-8D25-209AFB6DEED1}
	EndGlobalSection
EndGlobal
